{
    "_readme": [
        "This file locks the dependencies of your project to a known state",
        "Read more about it at https://getcomposer.org/doc/01-basic-usage.md#installing-dependencies",
        "This file is @generated automatically"
    ],
    "content-hash": "f195217c0a2fd4bd64bd3a872a52a037",
    "packages": [
        {
            "name": "plisio/plisio-api-php",
            "version": "1.0.2",
            "source": {
                "type": "git",
                "url": "https://github.com/Plisio/plisio-api-php.git",
                "reference": "1956fdc0e525d8e60b076bf880184a5a33e3fc0d"
            },
            "dist": {
                "type": "zip",
                "url": "https://api.github.com/repos/Plisio/plisio-api-php/zipball/1956fdc0e525d8e60b076bf880184a5a33e3fc0d",
                "reference": "1956fdc0e525d8e60b076bf880184a5a33e3fc0d",
                "shasum": ""
            },
            "require": {
                "ext-curl": "*",
                "ext-json": "*"
            },
            "type": "library",
            "autoload": {
                "psr-4": {
                    "Plisio\\": "src/"
                }
            },
            "notification-url": "https://packagist.org/downloads/",
            "license": [
                "MIT"
            ],
            "description": "Plisio API library for PHP",
            "homepage": "https://plisio.net",
            "keywords": [
                "bitcoin",
                "bitcoin cash",
                "dogecoin",
                "ethereum",
                "gateway",
                "litecoin",
                "merchant",
                "payment",
                "plisio",
                "zcash"
            ],
            "time": "2020-08-18T12:48:24+00:00"
        }
    ],
    "packages-dev": [],
    "aliases": [],
    "minimum-stability": "stable",
    "stability-flags": [],
    "prefer-stable": false,
    "prefer-lowest": false,
    "platform": {
        "ext-pdo": "*"
    },
    "platform-dev": []
}
